
Microsoft Visual Studio Solution File, Format Version 12.00
# Visual Studio 15
VisualStudioVersion = 15.0.28307.102
MinimumVisualStudioVersion = 10.0.40219.1
Project("{FAE04EC0-301F-11D3-BF4B-00C04F79EFBC}") = "SafeAuthenticationTestApp.Android", "SafeAuthenticationTestApp\SafeAuthenticationTestApp.Android\SafeAuthenticationTestApp.Android.csproj", "{D0E9B76E-5FA8-440D-A08A-AC8900C819E9}"
EndProject
Project("{FAE04EC0-301F-11D3-BF4B-00C04F79EFBC}") = "SafeAuthenticationTestApp.iOS", "SafeAuthenticationTestApp\SafeAuthenticationTestApp.iOS\SafeAuthenticationTestApp.iOS.csproj", "{1A8CA245-B83B-49EF-99E7-33F77134FBE1}"
EndProject
Project("{FAE04EC0-301F-11D3-BF4B-00C04F79EFBC}") = "SafeAuthenticationTestApp", "SafeAuthenticationTestApp\SafeAuthenticationTestApp\SafeAuthenticationTestApp.csproj", "{3E46AC59-BCE8-49FB-82FD-354509FFD285}"
EndProject
Global
	GlobalSection(SolutionConfigurationPlatforms) = preSolution
		Ad-Hoc|Any CPU = Ad-Hoc|Any CPU
		Ad-Hoc|iPhone = Ad-Hoc|iPhone
		Ad-Hoc|iPhoneSimulator = Ad-Hoc|iPhoneSimulator
		AppStore|Any CPU = AppStore|Any CPU
		AppStore|iPhone = AppStore|iPhone
		AppStore|iPhoneSimulator = AppStore|iPhoneSimulator
		Debug|Any CPU = Debug|Any CPU
		Debug|iPhone = Debug|iPhone
		Debug|iPhoneSimulator = Debug|iPhoneSimulator
		Release|Any CPU = Release|Any CPU
		Release|iPhone = Release|iPhone
		Release|iPhoneSimulator = Release|iPhoneSimulator
	EndGlobalSection
	GlobalSection(ProjectConfigurationPlatforms) = postSolution
		{D0E9B76E-5FA8-440D-A08A-AC8900C819E9}.Ad-Hoc|Any CPU.ActiveCfg = Release|Any CPU
		{D0E9B76E-5FA8-440D-A08A-AC8900C819E9}.Ad-Hoc|Any CPU.Build.0 = Release|Any CPU
		{D0E9B76E-5FA8-440D-A08A-AC8900C819E9}.Ad-Hoc|Any CPU.Deploy.0 = Release|Any CPU
		{D0E9B76E-5FA8-440D-A08A-AC8900C819E9}.Ad-Hoc|iPhone.ActiveCfg = Release|Any CPU
		{D0E9B76E-5FA8-440D-A08A-AC8900C819E9}.Ad-Hoc|iPhone.Build.0 = Release|Any CPU
		{D0E9B76E-5FA8-440D-A08A-AC8900C819E9}.Ad-Hoc|iPhone.Deploy.0 = Release|Any CPU
		{D0E9B76E-5FA8-440D-A08A-AC8900C819E9}.Ad-Hoc|iPhoneSimulator.ActiveCfg = Release|Any CPU
		{D0E9B76E-5FA8-440D-A08A-AC8900C819E9}.Ad-Hoc|iPhoneSimulator.Build.0 = Release|Any CPU
		{D0E9B76E-5FA8-440D-A08A-AC8900C819E9}.Ad-Hoc|iPhoneSimulator.Deploy.0 = Release|Any CPU
		{D0E9B76E-5FA8-440D-A08A-AC8900C819E9}.AppStore|Any CPU.ActiveCfg = Release|Any CPU
		{D0E9B76E-5FA8-440D-A08A-AC8900C819E9}.AppStore|Any CPU.Build.0 = Release|Any CPU
		{D0E9B76E-5FA8-440D-A08A-AC8900C819E9}.AppStore|Any CPU.Deploy.0 = Release|Any CPU
		{D0E9B76E-5FA8-440D-A08A-AC8900C819E9}.AppStore|iPhone.ActiveCfg = Release|Any CPU
		{D0E9B76E-5FA8-440D-A08A-AC8900C819E9}.AppStore|iPhone.Build.0 = Release|Any CPU
		{D0E9B76E-5FA8-440D-A08A-AC8900C819E9}.AppStore|iPhone.Deploy.0 = Release|Any CPU
		{D0E9B76E-5FA8-440D-A08A-AC8900C819E9}.AppStore|iPhoneSimulator.ActiveCfg = Release|Any CPU
		{D0E9B76E-5FA8-440D-A08A-AC8900C819E9}.AppStore|iPhoneSimulator.Build.0 = Release|Any CPU
		{D0E9B76E-5FA8-440D-A08A-AC8900C819E9}.AppStore|iPhoneSimulator.Deploy.0 = Release|Any CPU
		{D0E9B76E-5FA8-440D-A08A-AC8900C819E9}.Debug|Any CPU.ActiveCfg = Debug|Any CPU
		{D0E9B76E-5FA8-440D-A08A-AC8900C819E9}.Debug|Any CPU.Build.0 = Debug|Any CPU
		{D0E9B76E-5FA8-440D-A08A-AC8900C819E9}.Debug|Any CPU.Deploy.0 = Debug|Any CPU
		{D0E9B76E-5FA8-440D-A08A-AC8900C819E9}.Debug|iPhone.ActiveCfg = Debug|Any CPU
		{D0E9B76E-5FA8-440D-A08A-AC8900C819E9}.Debug|iPhone.Build.0 = Debug|Any CPU
		{D0E9B76E-5FA8-440D-A08A-AC8900C819E9}.Debug|iPhone.Deploy.0 = Debug|Any CPU
		{D0E9B76E-5FA8-440D-A08A-AC8900C819E9}.Debug|iPhoneSimulator.ActiveCfg = Debug|Any CPU
		{D0E9B76E-5FA8-440D-A08A-AC8900C819E9}.Debug|iPhoneSimulator.Build.0 = Debug|Any CPU
		{D0E9B76E-5FA8-440D-A08A-AC8900C819E9}.Debug|iPhoneSimulator.Deploy.0 = Debug|Any CPU
		{D0E9B76E-5FA8-440D-A08A-AC8900C819E9}.Release|Any CPU.ActiveCfg = Release|Any CPU
		{D0E9B76E-5FA8-440D-A08A-AC8900C819E9}.Release|Any CPU.Build.0 = Release|Any CPU
		{D0E9B76E-5FA8-440D-A08A-AC8900C819E9}.Release|Any CPU.Deploy.0 = Release|Any CPU
		{D0E9B76E-5FA8-440D-A08A-AC8900C819E9}.Release|iPhone.ActiveCfg = Release|Any CPU
		{D0E9B76E-5FA8-440D-A08A-AC8900C819E9}.Release|iPhone.Build.0 = Release|Any CPU
		{D0E9B76E-5FA8-440D-A08A-AC8900C819E9}.Release|iPhone.Deploy.0 = Release|Any CPU
		{D0E9B76E-5FA8-440D-A08A-AC8900C819E9}.Release|iPhoneSimulator.ActiveCfg = Release|Any CPU
		{D0E9B76E-5FA8-440D-A08A-AC8900C819E9}.Release|iPhoneSimulator.Build.0 = Release|Any CPU
		{D0E9B76E-5FA8-440D-A08A-AC8900C819E9}.Release|iPhoneSimulator.Deploy.0 = Release|Any CPU
		{1A8CA245-B83B-49EF-99E7-33F77134FBE1}.Ad-Hoc|Any CPU.ActiveCfg = Ad-Hoc|iPhone
		{1A8CA245-B83B-49EF-99E7-33F77134FBE1}.Ad-Hoc|Any CPU.Build.0 = Ad-Hoc|iPhone
		{1A8CA245-B83B-49EF-99E7-33F77134FBE1}.Ad-Hoc|Any CPU.Deploy.0 = Ad-Hoc|iPhone
		{1A8CA245-B83B-49EF-99E7-33F77134FBE1}.Ad-Hoc|iPhone.ActiveCfg = Ad-Hoc|iPhone
		{1A8CA245-B83B-49EF-99E7-33F77134FBE1}.Ad-Hoc|iPhone.Build.0 = Ad-Hoc|iPhone
		{1A8CA245-B83B-49EF-99E7-33F77134FBE1}.Ad-Hoc|iPhone.Deploy.0 = Ad-Hoc|iPhone
		{1A8CA245-B83B-49EF-99E7-33F77134FBE1}.Ad-Hoc|iPhoneSimulator.ActiveCfg = Ad-Hoc|iPhoneSimulator
		{1A8CA245-B83B-49EF-99E7-33F77134FBE1}.Ad-Hoc|iPhoneSimulator.Build.0 = Ad-Hoc|iPhoneSimulator
		{1A8CA245-B83B-49EF-99E7-33F77134FBE1}.Ad-Hoc|iPhoneSimulator.Deploy.0 = Ad-Hoc|iPhoneSimulator
		{1A8CA245-B83B-49EF-99E7-33F77134FBE1}.AppStore|Any CPU.ActiveCfg = AppStore|iPhone
		{1A8CA245-B83B-49EF-99E7-33F77134FBE1}.AppStore|Any CPU.Build.0 = AppStore|iPhone
		{1A8CA245-B83B-49EF-99E7-33F77134FBE1}.AppStore|Any CPU.Deploy.0 = AppStore|iPhone
		{1A8CA245-B83B-49EF-99E7-33F77134FBE1}.AppStore|iPhone.ActiveCfg = AppStore|iPhone
		{1A8CA245-B83B-49EF-99E7-33F77134FBE1}.AppStore|iPhone.Build.0 = AppStore|iPhone
		{1A8CA245-B83B-49EF-99E7-33F77134FBE1}.AppStore|iPhone.Deploy.0 = AppStore|iPhone
		{1A8CA245-B83B-49EF-99E7-33F77134FBE1}.AppStore|iPhoneSimulator.ActiveCfg = AppStore|iPhoneSimulator
		{1A8CA245-B83B-49EF-99E7-33F77134FBE1}.AppStore|iPhoneSimulator.Build.0 = AppStore|iPhoneSimulator
		{1A8CA245-B83B-49EF-99E7-33F77134FBE1}.AppStore|iPhoneSimulator.Deploy.0 = AppStore|iPhoneSimulator
		{1A8CA245-B83B-49EF-99E7-33F77134FBE1}.Debug|Any CPU.ActiveCfg = Debug|iPhoneSimulator
		{1A8CA245-B83B-49EF-99E7-33F77134FBE1}.Debug|Any CPU.Build.0 = Debug|iPhoneSimulator
		{1A8CA245-B83B-49EF-99E7-33F77134FBE1}.Debug|Any CPU.Deploy.0 = Debug|iPhoneSimulator
		{1A8CA245-B83B-49EF-99E7-33F77134FBE1}.Debug|iPhone.ActiveCfg = Debug|iPhone
		{1A8CA245-B83B-49EF-99E7-33F77134FBE1}.Debug|iPhone.Build.0 = Debug|iPhone
		{1A8CA245-B83B-49EF-99E7-33F77134FBE1}.Debug|iPhone.Deploy.0 = Debug|iPhone
		{1A8CA245-B83B-49EF-99E7-33F77134FBE1}.Debug|iPhoneSimulator.ActiveCfg = Debug|iPhoneSimulator
		{1A8CA245-B83B-49EF-99E7-33F77134FBE1}.Debug|iPhoneSimulator.Build.0 = Debug|iPhoneSimulator
		{1A8CA245-B83B-49EF-99E7-33F77134FBE1}.Debug|iPhoneSimulator.Deploy.0 = Debug|iPhoneSimulator
		{1A8CA245-B83B-49EF-99E7-33F77134FBE1}.Release|Any CPU.ActiveCfg = Release|iPhone
		{1A8CA245-B83B-49EF-99E7-33F77134FBE1}.Release|Any CPU.Build.0 = Release|iPhone
		{1A8CA245-B83B-49EF-99E7-33F77134FBE1}.Release|Any CPU.Deploy.0 = Release|iPhone
		{1A8CA245-B83B-49EF-99E7-33F77134FBE1}.Release|iPhone.ActiveCfg = Release|iPhone
		{1A8CA245-B83B-49EF-99E7-33F77134FBE1}.Release|iPhone.Build.0 = Release|iPhone
		{1A8CA245-B83B-49EF-99E7-33F77134FBE1}.Release|iPhone.Deploy.0 = Release|iPhone
		{1A8CA245-B83B-49EF-99E7-33F77134FBE1}.Release|iPhoneSimulator.ActiveCfg = Release|iPhoneSimulator
		{1A8CA245-B83B-49EF-99E7-33F77134FBE1}.Release|iPhoneSimulator.Build.0 = Release|iPhoneSimulator
		{1A8CA245-B83B-49EF-99E7-33F77134FBE1}.Release|iPhoneSimulator.Deploy.0 = Release|iPhoneSimulator
		{3E46AC59-BCE8-49FB-82FD-354509FFD285}.Ad-Hoc|Any CPU.ActiveCfg = Debug|Any CPU
		{3E46AC59-BCE8-49FB-82FD-354509FFD285}.Ad-Hoc|Any CPU.Build.0 = Debug|Any CPU
		{3E46AC59-BCE8-49FB-82FD-354509FFD285}.Ad-Hoc|Any CPU.Deploy.0 = Debug|Any CPU
		{3E46AC59-BCE8-49FB-82FD-354509FFD285}.Ad-Hoc|iPhone.ActiveCfg = Debug|Any CPU
		{3E46AC59-BCE8-49FB-82FD-354509FFD285}.Ad-Hoc|iPhone.Build.0 = Debug|Any CPU
		{3E46AC59-BCE8-49FB-82FD-354509FFD285}.Ad-Hoc|iPhone.Deploy.0 = Debug|Any CPU
		{3E46AC59-BCE8-49FB-82FD-354509FFD285}.Ad-Hoc|iPhoneSimulator.ActiveCfg = Debug|Any CPU
		{3E46AC59-BCE8-49FB-82FD-354509FFD285}.Ad-Hoc|iPhoneSimulator.Build.0 = Debug|Any CPU
		{3E46AC59-BCE8-49FB-82FD-354509FFD285}.Ad-Hoc|iPhoneSimulator.Deploy.0 = Debug|Any CPU
		{3E46AC59-BCE8-49FB-82FD-354509FFD285}.AppStore|Any CPU.ActiveCfg = Debug|Any CPU
		{3E46AC59-BCE8-49FB-82FD-354509FFD285}.AppStore|Any CPU.Build.0 = Debug|Any CPU
		{3E46AC59-BCE8-49FB-82FD-354509FFD285}.AppStore|Any CPU.Deploy.0 = Debug|Any CPU
		{3E46AC59-BCE8-49FB-82FD-354509FFD285}.AppStore|iPhone.ActiveCfg = Debug|Any CPU
		{3E46AC59-BCE8-49FB-82FD-354509FFD285}.AppStore|iPhone.Build.0 = Debug|Any CPU
		{3E46AC59-BCE8-49FB-82FD-354509FFD285}.AppStore|iPhone.Deploy.0 = Debug|Any CPU
		{3E46AC59-BCE8-49FB-82FD-354509FFD285}.AppStore|iPhoneSimulator.ActiveCfg = Debug|Any CPU
		{3E46AC59-BCE8-49FB-82FD-354509FFD285}.AppStore|iPhoneSimulator.Build.0 = Debug|Any CPU
		{3E46AC59-BCE8-49FB-82FD-354509FFD285}.AppStore|iPhoneSimulator.Deploy.0 = Debug|Any CPU
		{3E46AC59-BCE8-49FB-82FD-354509FFD285}.Debug|Any CPU.ActiveCfg = Debug|Any CPU
		{3E46AC59-BCE8-49FB-82FD-354509FFD285}.Debug|Any CPU.Build.0 = Debug|Any CPU
		{3E46AC59-BCE8-49FB-82FD-354509FFD285}.Debug|Any CPU.Deploy.0 = Debug|Any CPU
		{3E46AC59-BCE8-49FB-82FD-354509FFD285}.Debug|iPhone.ActiveCfg = Debug|Any CPU
		{3E46AC59-BCE8-49FB-82FD-354509FFD285}.Debug|iPhone.Build.0 = Debug|Any CPU
		{3E46AC59-BCE8-49FB-82FD-354509FFD285}.Debug|iPhone.Deploy.0 = Debug|Any CPU
		{3E46AC59-BCE8-49FB-82FD-354509FFD285}.Debug|iPhoneSimulator.ActiveCfg = Debug|Any CPU
		{3E46AC59-BCE8-49FB-82FD-354509FFD285}.Debug|iPhoneSimulator.Build.0 = Debug|Any CPU
		{3E46AC59-BCE8-49FB-82FD-354509FFD285}.Debug|iPhoneSimulator.Deploy.0 = Debug|Any CPU
		{3E46AC59-BCE8-49FB-82FD-354509FFD285}.Release|Any CPU.ActiveCfg = Release|Any CPU
		{3E46AC59-BCE8-49FB-82FD-354509FFD285}.Release|Any CPU.Build.0 = Release|Any CPU
		{3E46AC59-BCE8-49FB-82FD-354509FFD285}.Release|Any CPU.Deploy.0 = Release|Any CPU
		{3E46AC59-BCE8-49FB-82FD-354509FFD285}.Release|iPhone.ActiveCfg = Release|Any CPU
		{3E46AC59-BCE8-49FB-82FD-354509FFD285}.Release|iPhone.Build.0 = Release|Any CPU
		{3E46AC59-BCE8-49FB-82FD-354509FFD285}.Release|iPhone.Deploy.0 = Release|Any CPU
		{3E46AC59-BCE8-49FB-82FD-354509FFD285}.Release|iPhoneSimulator.ActiveCfg = Release|Any CPU
		{3E46AC59-BCE8-49FB-82FD-354509FFD285}.Release|iPhoneSimulator.Build.0 = Release|Any CPU
		{3E46AC59-BCE8-49FB-82FD-354509FFD285}.Release|iPhoneSimulator.Deploy.0 = Release|Any CPU
	EndGlobalSection
	GlobalSection(SolutionProperties) = preSolution
		HideSolutionNode = FALSE
	EndGlobalSection
	GlobalSection(ExtensibilityGlobals) = postSolution
		SolutionGuid = {F836D590-F5E9-417C-A3B1-2AA4EFFF9413}
	EndGlobalSection
EndGlobal
